
Microsoft Visual Studio Solution File, Format Version 12.00
# Visual Studio Version 16
VisualStudioVersion = 16.0.31112.23
MinimumVisualStudioVersion = 10.0.40219.1
Project("{9A19103F-16F7-4668-BE54-9A1E7A4F7556}") = "00_hevonen1", "00_hevonen1.csproj", "{8E99529D-8593-4D62-8BA9-10D092978598}"
EndProject
Project("{9A19103F-16F7-4668-BE54-9A1E7A4F7556}") = "ElainLuokat", "..\..\ElainLuokka\ElainLuokat\ElainLuokat.csproj", "{4A3FCD55-2EF6-467B-9AC5-B20F79EEF79F}"
EndProject
Global
	GlobalSection(SolutionConfigurationPlatforms) = preSolution
		Debug|Any CPU = Debug|Any CPU
		Release|Any CPU = Release|Any CPU
	EndGlobalSection
	GlobalSection(ProjectConfigurationPlatforms) = postSolution
		{8E99529D-8593-4D62-8BA9-10D092978598}.Debug|Any CPU.ActiveCfg = Debug|Any CPU
		{8E99529D-8593-4D62-8BA9-10D092978598}.Debug|Any CPU.Build.0 = Debug|Any CPU
		{8E99529D-8593-4D62-8BA9-10D092978598}.Release|Any CPU.ActiveCfg = Release|Any CPU
		{8E99529D-8593-4D62-8BA9-10D092978598}.Release|Any CPU.Build.0 = Release|Any CPU
		{4A3FCD55-2EF6-467B-9AC5-B20F79EEF79F}.Debug|Any CPU.ActiveCfg = Debug|Any CPU
		{4A3FCD55-2EF6-467B-9AC5-B20F79EEF79F}.Debug|Any CPU.Build.0 = Debug|Any CPU
		{4A3FCD55-2EF6-467B-9AC5-B20F79EEF79F}.Release|Any CPU.ActiveCfg = Release|Any CPU
		{4A3FCD55-2EF6-467B-9AC5-B20F79EEF79F}.Release|Any CPU.Build.0 = Release|Any CPU
	EndGlobalSection
	GlobalSection(SolutionProperties) = preSolution
		HideSolutionNode = FALSE
	EndGlobalSection
	GlobalSection(ExtensibilityGlobals) = postSolution
		SolutionGuid = {E356F4E3-B478-4455-A6A7-942A3E49F862}
	EndGlobalSection
EndGlobal
