
Microsoft Visual Studio Solution File, Format Version 12.00
# Visual Studio Version 16
VisualStudioVersion = 16.0.31112.23
MinimumVisualStudioVersion = 10.0.40219.1
Project("{FAE04EC0-301F-11D3-BF4B-00C04F79EFBC}") = "Periytyminen", "Periytyminen.csproj", "{D82C785A-31A8-4193-999C-9CD63A2B98E8}"
EndProject
Project("{9A19103F-16F7-4668-BE54-9A1E7A4F7556}") = "ElainLuokat", "..\..\ElainLuokka\ElainLuokat\ElainLuokat.csproj", "{00B39EF0-5C98-490D-98E7-BEAD24E6B973}"
EndProject
Global
	GlobalSection(SolutionConfigurationPlatforms) = preSolution
		Debug|Any CPU = Debug|Any CPU
		Release|Any CPU = Release|Any CPU
	EndGlobalSection
	GlobalSection(ProjectConfigurationPlatforms) = postSolution
		{D82C785A-31A8-4193-999C-9CD63A2B98E8}.Debug|Any CPU.ActiveCfg = Debug|Any CPU
		{D82C785A-31A8-4193-999C-9CD63A2B98E8}.Debug|Any CPU.Build.0 = Debug|Any CPU
		{D82C785A-31A8-4193-999C-9CD63A2B98E8}.Release|Any CPU.ActiveCfg = Release|Any CPU
		{D82C785A-31A8-4193-999C-9CD63A2B98E8}.Release|Any CPU.Build.0 = Release|Any CPU
		{00B39EF0-5C98-490D-98E7-BEAD24E6B973}.Debug|Any CPU.ActiveCfg = Debug|Any CPU
		{00B39EF0-5C98-490D-98E7-BEAD24E6B973}.Debug|Any CPU.Build.0 = Debug|Any CPU
		{00B39EF0-5C98-490D-98E7-BEAD24E6B973}.Release|Any CPU.ActiveCfg = Release|Any CPU
		{00B39EF0-5C98-490D-98E7-BEAD24E6B973}.Release|Any CPU.Build.0 = Release|Any CPU
	EndGlobalSection
	GlobalSection(SolutionProperties) = preSolution
		HideSolutionNode = FALSE
	EndGlobalSection
	GlobalSection(ExtensibilityGlobals) = postSolution
		SolutionGuid = {4F258A95-C673-45B4-B510-93F3EE7D76E4}
	EndGlobalSection
EndGlobal
