
Microsoft Visual Studio Solution File, Format Version 12.00
# Visual Studio Version 16
VisualStudioVersion = 16.0.31112.23
MinimumVisualStudioVersion = 10.0.40219.1
Project("{FAE04EC0-301F-11D3-BF4B-00C04F79EFBC}") = "hedelmä taulukko", "hedelmä taulukko.csproj", "{535CAE1C-02DB-4C6C-A69D-E2D533DF4D2F}"
EndProject
Global
	GlobalSection(SolutionConfigurationPlatforms) = preSolution
		Debug|Any CPU = Debug|Any CPU
		Release|Any CPU = Release|Any CPU
	EndGlobalSection
	GlobalSection(ProjectConfigurationPlatforms) = postSolution
		{535CAE1C-02DB-4C6C-A69D-E2D533DF4D2F}.Debug|Any CPU.ActiveCfg = Debug|Any CPU
		{535CAE1C-02DB-4C6C-A69D-E2D533DF4D2F}.Debug|Any CPU.Build.0 = Debug|Any CPU
		{535CAE1C-02DB-4C6C-A69D-E2D533DF4D2F}.Release|Any CPU.ActiveCfg = Release|Any CPU
		{535CAE1C-02DB-4C6C-A69D-E2D533DF4D2F}.Release|Any CPU.Build.0 = Release|Any CPU
	EndGlobalSection
	GlobalSection(SolutionProperties) = preSolution
		HideSolutionNode = FALSE
	EndGlobalSection
	GlobalSection(ExtensibilityGlobals) = postSolution
		SolutionGuid = {B5D1C297-7A66-4F14-AE1C-FB46E47C0E24}
	EndGlobalSection
EndGlobal
