
Microsoft Visual Studio Solution File, Format Version 12.00
# Visual Studio Version 16
VisualStudioVersion = 16.0.31112.23
MinimumVisualStudioVersion = 10.0.40219.1
Project("{FAE04EC0-301F-11D3-BF4B-00C04F79EFBC}") = "Arvonta", "Arvonta.csproj", "{2080D014-EFFE-4F42-BEE7-4B8992983F40}"
EndProject
Global
	GlobalSection(SolutionConfigurationPlatforms) = preSolution
		Debug|Any CPU = Debug|Any CPU
		Release|Any CPU = Release|Any CPU
	EndGlobalSection
	GlobalSection(ProjectConfigurationPlatforms) = postSolution
		{2080D014-EFFE-4F42-BEE7-4B8992983F40}.Debug|Any CPU.ActiveCfg = Debug|Any CPU
		{2080D014-EFFE-4F42-BEE7-4B8992983F40}.Debug|Any CPU.Build.0 = Debug|Any CPU
		{2080D014-EFFE-4F42-BEE7-4B8992983F40}.Release|Any CPU.ActiveCfg = Release|Any CPU
		{2080D014-EFFE-4F42-BEE7-4B8992983F40}.Release|Any CPU.Build.0 = Release|Any CPU
	EndGlobalSection
	GlobalSection(SolutionProperties) = preSolution
		HideSolutionNode = FALSE
	EndGlobalSection
	GlobalSection(ExtensibilityGlobals) = postSolution
		SolutionGuid = {BB8E122D-D685-4C33-BA57-52414D25E78E}
	EndGlobalSection
EndGlobal
