
Microsoft Visual Studio Solution File, Format Version 12.00
# Visual Studio Version 16
VisualStudioVersion = 16.0.31112.23
MinimumVisualStudioVersion = 10.0.40219.1
Project("{FAE04EC0-301F-11D3-BF4B-00C04F79EFBC}") = "Oliot_listaan_ja_logiikkaharjoitus", "Oliot_listaan_ja_logiikkaharjoitus.csproj", "{8EAB0CC3-016D-44DE-B85F-53669621DFE7}"
EndProject
Project("{9A19103F-16F7-4668-BE54-9A1E7A4F7556}") = "ElainLuokat", "..\ElainLuokka\ElainLuokat\ElainLuokat.csproj", "{D6AD60CA-6941-46CB-B906-1A4B9889D060}"
EndProject
Global
	GlobalSection(SolutionConfigurationPlatforms) = preSolution
		Debug|Any CPU = Debug|Any CPU
		Release|Any CPU = Release|Any CPU
	EndGlobalSection
	GlobalSection(ProjectConfigurationPlatforms) = postSolution
		{8EAB0CC3-016D-44DE-B85F-53669621DFE7}.Debug|Any CPU.ActiveCfg = Debug|Any CPU
		{8EAB0CC3-016D-44DE-B85F-53669621DFE7}.Debug|Any CPU.Build.0 = Debug|Any CPU
		{8EAB0CC3-016D-44DE-B85F-53669621DFE7}.Release|Any CPU.ActiveCfg = Release|Any CPU
		{8EAB0CC3-016D-44DE-B85F-53669621DFE7}.Release|Any CPU.Build.0 = Release|Any CPU
		{D6AD60CA-6941-46CB-B906-1A4B9889D060}.Debug|Any CPU.ActiveCfg = Debug|Any CPU
		{D6AD60CA-6941-46CB-B906-1A4B9889D060}.Debug|Any CPU.Build.0 = Debug|Any CPU
		{D6AD60CA-6941-46CB-B906-1A4B9889D060}.Release|Any CPU.ActiveCfg = Release|Any CPU
		{D6AD60CA-6941-46CB-B906-1A4B9889D060}.Release|Any CPU.Build.0 = Release|Any CPU
	EndGlobalSection
	GlobalSection(SolutionProperties) = preSolution
		HideSolutionNode = FALSE
	EndGlobalSection
	GlobalSection(ExtensibilityGlobals) = postSolution
		SolutionGuid = {34FD3C59-5549-45B2-B279-8AC82C55F1A5}
	EndGlobalSection
EndGlobal
