
Microsoft Visual Studio Solution File, Format Version 12.00
# Visual Studio Version 16
VisualStudioVersion = 16.0.31112.23
MinimumVisualStudioVersion = 10.0.40219.1
Project("{FAE04EC0-301F-11D3-BF4B-00C04F79EFBC}") = "Aliohjelma 1", "Aliohjelma 1.csproj", "{8BA08A39-6124-4942-AB19-341369C27DC7}"
EndProject
Global
	GlobalSection(SolutionConfigurationPlatforms) = preSolution
		Debug|Any CPU = Debug|Any CPU
		Release|Any CPU = Release|Any CPU
	EndGlobalSection
	GlobalSection(ProjectConfigurationPlatforms) = postSolution
		{8BA08A39-6124-4942-AB19-341369C27DC7}.Debug|Any CPU.ActiveCfg = Debug|Any CPU
		{8BA08A39-6124-4942-AB19-341369C27DC7}.Debug|Any CPU.Build.0 = Debug|Any CPU
		{8BA08A39-6124-4942-AB19-341369C27DC7}.Release|Any CPU.ActiveCfg = Release|Any CPU
		{8BA08A39-6124-4942-AB19-341369C27DC7}.Release|Any CPU.Build.0 = Release|Any CPU
	EndGlobalSection
	GlobalSection(SolutionProperties) = preSolution
		HideSolutionNode = FALSE
	EndGlobalSection
	GlobalSection(ExtensibilityGlobals) = postSolution
		SolutionGuid = {2F008FA4-699B-480F-A7E4-2A95C5EC2E73}
	EndGlobalSection
EndGlobal
