
Microsoft Visual Studio Solution File, Format Version 12.00
# Visual Studio Version 16
VisualStudioVersion = 16.0.31112.23
MinimumVisualStudioVersion = 10.0.40219.1
Project("{FAE04EC0-301F-11D3-BF4B-00C04F79EFBC}") = "Tehtava 17 enum", "Tehtava 17 enum.csproj", "{FF657052-6D78-4A9A-9737-E1EBA5A8C275}"
EndProject
Global
	GlobalSection(SolutionConfigurationPlatforms) = preSolution
		Debug|Any CPU = Debug|Any CPU
		Release|Any CPU = Release|Any CPU
	EndGlobalSection
	GlobalSection(ProjectConfigurationPlatforms) = postSolution
		{FF657052-6D78-4A9A-9737-E1EBA5A8C275}.Debug|Any CPU.ActiveCfg = Debug|Any CPU
		{FF657052-6D78-4A9A-9737-E1EBA5A8C275}.Debug|Any CPU.Build.0 = Debug|Any CPU
		{FF657052-6D78-4A9A-9737-E1EBA5A8C275}.Release|Any CPU.ActiveCfg = Release|Any CPU
		{FF657052-6D78-4A9A-9737-E1EBA5A8C275}.Release|Any CPU.Build.0 = Release|Any CPU
	EndGlobalSection
	GlobalSection(SolutionProperties) = preSolution
		HideSolutionNode = FALSE
	EndGlobalSection
	GlobalSection(ExtensibilityGlobals) = postSolution
		SolutionGuid = {C926D9C1-533F-4FFA-AE87-370EB110D282}
	EndGlobalSection
EndGlobal
