
Microsoft Visual Studio Solution File, Format Version 12.00
# Visual Studio Version 16
VisualStudioVersion = 16.0.29403.142
MinimumVisualStudioVersion = 10.0.40219.1
Project("{FAE04EC0-301F-11D3-BF4B-00C04F79EFBC}") = "Autokauppa", "Auto\Autokauppa.csproj", "{2BA49B51-6A36-4DD9-BAEB-B70568720D6B}"
EndProject
Global
	GlobalSection(SolutionConfigurationPlatforms) = preSolution
		Debug|Any CPU = Debug|Any CPU
		Release|Any CPU = Release|Any CPU
	EndGlobalSection
	GlobalSection(ProjectConfigurationPlatforms) = postSolution
		{2BA49B51-6A36-4DD9-BAEB-B70568720D6B}.Debug|Any CPU.ActiveCfg = Debug|Any CPU
		{2BA49B51-6A36-4DD9-BAEB-B70568720D6B}.Debug|Any CPU.Build.0 = Debug|Any CPU
		{2BA49B51-6A36-4DD9-BAEB-B70568720D6B}.Release|Any CPU.ActiveCfg = Release|Any CPU
		{2BA49B51-6A36-4DD9-BAEB-B70568720D6B}.Release|Any CPU.Build.0 = Release|Any CPU
	EndGlobalSection
	GlobalSection(SolutionProperties) = preSolution
		HideSolutionNode = FALSE
	EndGlobalSection
	GlobalSection(ExtensibilityGlobals) = postSolution
		SolutionGuid = {D520F4D4-6FFA-4D25-80F4-D256A7C98818}
	EndGlobalSection
EndGlobal
