
Microsoft Visual Studio Solution File, Format Version 12.00
# Visual Studio Version 16
VisualStudioVersion = 16.0.31105.61
MinimumVisualStudioVersion = 10.0.40219.1
Project("{FAE04EC0-301F-11D3-BF4B-00C04F79EFBC}") = "ConsoleApp1", "ConsoleApp1.csproj", "{146E1060-B94F-46F9-8CE9-97D2B0E13E1B}"
EndProject
Global
	GlobalSection(SolutionConfigurationPlatforms) = preSolution
		Debug|Any CPU = Debug|Any CPU
		Release|Any CPU = Release|Any CPU
	EndGlobalSection
	GlobalSection(ProjectConfigurationPlatforms) = postSolution
		{146E1060-B94F-46F9-8CE9-97D2B0E13E1B}.Debug|Any CPU.ActiveCfg = Debug|Any CPU
		{146E1060-B94F-46F9-8CE9-97D2B0E13E1B}.Debug|Any CPU.Build.0 = Debug|Any CPU
		{146E1060-B94F-46F9-8CE9-97D2B0E13E1B}.Release|Any CPU.ActiveCfg = Release|Any CPU
		{146E1060-B94F-46F9-8CE9-97D2B0E13E1B}.Release|Any CPU.Build.0 = Release|Any CPU
	EndGlobalSection
	GlobalSection(SolutionProperties) = preSolution
		HideSolutionNode = FALSE
	EndGlobalSection
	GlobalSection(ExtensibilityGlobals) = postSolution
		SolutionGuid = {712167BA-B3E0-4DCB-B2E4-E29BC98B2325}
	EndGlobalSection
EndGlobal
