
Microsoft Visual Studio Solution File, Format Version 12.00
# Visual Studio Version 16
VisualStudioVersion = 16.0.31112.23
MinimumVisualStudioVersion = 10.0.40219.1
Project("{FAE04EC0-301F-11D3-BF4B-00C04F79EFBC}") = "11_Paint_and_mouse", "11_Paint_and_mouse.csproj", "{3342CDAE-F23E-4627-8791-0C4539794E39}"
EndProject
Global
	GlobalSection(SolutionConfigurationPlatforms) = preSolution
		Debug|Any CPU = Debug|Any CPU
		Release|Any CPU = Release|Any CPU
	EndGlobalSection
	GlobalSection(ProjectConfigurationPlatforms) = postSolution
		{3342CDAE-F23E-4627-8791-0C4539794E39}.Debug|Any CPU.ActiveCfg = Debug|Any CPU
		{3342CDAE-F23E-4627-8791-0C4539794E39}.Debug|Any CPU.Build.0 = Debug|Any CPU
		{3342CDAE-F23E-4627-8791-0C4539794E39}.Release|Any CPU.ActiveCfg = Release|Any CPU
		{3342CDAE-F23E-4627-8791-0C4539794E39}.Release|Any CPU.Build.0 = Release|Any CPU
	EndGlobalSection
	GlobalSection(SolutionProperties) = preSolution
		HideSolutionNode = FALSE
	EndGlobalSection
	GlobalSection(ExtensibilityGlobals) = postSolution
		SolutionGuid = {D581B9C5-401C-4AF5-8A2A-7C2FE18AB60A}
	EndGlobalSection
EndGlobal
