
Microsoft Visual Studio Solution File, Format Version 12.00
# Visual Studio Version 16
VisualStudioVersion = 16.0.31112.23
MinimumVisualStudioVersion = 10.0.40219.1
Project("{FAE04EC0-301F-11D3-BF4B-00C04F79EFBC}") = "Tehtava 21 Nopanheitto", "Tehtava 21 Nopanheitto.csproj", "{55CA2194-4493-4EA7-9443-566CF9AE991C}"
EndProject
Global
	GlobalSection(SolutionConfigurationPlatforms) = preSolution
		Debug|Any CPU = Debug|Any CPU
		Release|Any CPU = Release|Any CPU
	EndGlobalSection
	GlobalSection(ProjectConfigurationPlatforms) = postSolution
		{55CA2194-4493-4EA7-9443-566CF9AE991C}.Debug|Any CPU.ActiveCfg = Debug|Any CPU
		{55CA2194-4493-4EA7-9443-566CF9AE991C}.Debug|Any CPU.Build.0 = Debug|Any CPU
		{55CA2194-4493-4EA7-9443-566CF9AE991C}.Release|Any CPU.ActiveCfg = Release|Any CPU
		{55CA2194-4493-4EA7-9443-566CF9AE991C}.Release|Any CPU.Build.0 = Release|Any CPU
	EndGlobalSection
	GlobalSection(SolutionProperties) = preSolution
		HideSolutionNode = FALSE
	EndGlobalSection
	GlobalSection(ExtensibilityGlobals) = postSolution
		SolutionGuid = {7EBD61DE-87CF-4FB0-8432-39E4987C0492}
	EndGlobalSection
EndGlobal
