
Microsoft Visual Studio Solution File, Format Version 12.00
# Visual Studio Version 16
VisualStudioVersion = 16.0.31112.23
MinimumVisualStudioVersion = 10.0.40219.1
Project("{9A19103F-16F7-4668-BE54-9A1E7A4F7556}") = "08_Maksukortti", "08_Maksukortti.csproj", "{D5569AAC-3002-4499-AE1B-26E285CE079D}"
EndProject
Global
	GlobalSection(SolutionConfigurationPlatforms) = preSolution
		Debug|Any CPU = Debug|Any CPU
		Release|Any CPU = Release|Any CPU
	EndGlobalSection
	GlobalSection(ProjectConfigurationPlatforms) = postSolution
		{D5569AAC-3002-4499-AE1B-26E285CE079D}.Debug|Any CPU.ActiveCfg = Debug|Any CPU
		{D5569AAC-3002-4499-AE1B-26E285CE079D}.Debug|Any CPU.Build.0 = Debug|Any CPU
		{D5569AAC-3002-4499-AE1B-26E285CE079D}.Release|Any CPU.ActiveCfg = Release|Any CPU
		{D5569AAC-3002-4499-AE1B-26E285CE079D}.Release|Any CPU.Build.0 = Release|Any CPU
	EndGlobalSection
	GlobalSection(SolutionProperties) = preSolution
		HideSolutionNode = FALSE
	EndGlobalSection
	GlobalSection(ExtensibilityGlobals) = postSolution
		SolutionGuid = {259A90BB-4E4F-46C9-8F87-AB57DA3916E9}
	EndGlobalSection
EndGlobal
