
Microsoft Visual Studio Solution File, Format Version 12.00
# Visual Studio Version 16
VisualStudioVersion = 16.0.31112.23
MinimumVisualStudioVersion = 10.0.40219.1
Project("{FAE04EC0-301F-11D3-BF4B-00C04F79EFBC}") = "Foreach-silmukka", "Foreach-silmukka.csproj", "{58D1B92F-7233-4FA2-A59A-B4B2A46ED1A7}"
EndProject
Global
	GlobalSection(SolutionConfigurationPlatforms) = preSolution
		Debug|Any CPU = Debug|Any CPU
		Release|Any CPU = Release|Any CPU
	EndGlobalSection
	GlobalSection(ProjectConfigurationPlatforms) = postSolution
		{58D1B92F-7233-4FA2-A59A-B4B2A46ED1A7}.Debug|Any CPU.ActiveCfg = Debug|Any CPU
		{58D1B92F-7233-4FA2-A59A-B4B2A46ED1A7}.Debug|Any CPU.Build.0 = Debug|Any CPU
		{58D1B92F-7233-4FA2-A59A-B4B2A46ED1A7}.Release|Any CPU.ActiveCfg = Release|Any CPU
		{58D1B92F-7233-4FA2-A59A-B4B2A46ED1A7}.Release|Any CPU.Build.0 = Release|Any CPU
	EndGlobalSection
	GlobalSection(SolutionProperties) = preSolution
		HideSolutionNode = FALSE
	EndGlobalSection
	GlobalSection(ExtensibilityGlobals) = postSolution
		SolutionGuid = {D444ECA5-4694-4D6F-BC13-98E87953258C}
	EndGlobalSection
EndGlobal
