
Microsoft Visual Studio Solution File, Format Version 12.00
# Visual Studio Version 16
VisualStudioVersion = 16.0.31112.23
MinimumVisualStudioVersion = 10.0.40219.1
Project("{FAE04EC0-301F-11D3-BF4B-00C04F79EFBC}") = "Tehtävä 7.1", "Tehtävä 7.1.csproj", "{B6D51067-8E3D-4C4E-BB6F-7B5D3C72E0BF}"
EndProject
Global
	GlobalSection(SolutionConfigurationPlatforms) = preSolution
		Debug|Any CPU = Debug|Any CPU
		Release|Any CPU = Release|Any CPU
	EndGlobalSection
	GlobalSection(ProjectConfigurationPlatforms) = postSolution
		{B6D51067-8E3D-4C4E-BB6F-7B5D3C72E0BF}.Debug|Any CPU.ActiveCfg = Debug|Any CPU
		{B6D51067-8E3D-4C4E-BB6F-7B5D3C72E0BF}.Debug|Any CPU.Build.0 = Debug|Any CPU
		{B6D51067-8E3D-4C4E-BB6F-7B5D3C72E0BF}.Release|Any CPU.ActiveCfg = Release|Any CPU
		{B6D51067-8E3D-4C4E-BB6F-7B5D3C72E0BF}.Release|Any CPU.Build.0 = Release|Any CPU
	EndGlobalSection
	GlobalSection(SolutionProperties) = preSolution
		HideSolutionNode = FALSE
	EndGlobalSection
	GlobalSection(ExtensibilityGlobals) = postSolution
		SolutionGuid = {252D5E3C-CBFB-4674-8BEE-C5FBD5FADA95}
	EndGlobalSection
EndGlobal
