
Microsoft Visual Studio Solution File, Format Version 12.00
# Visual Studio Version 16
VisualStudioVersion = 16.0.31112.23
MinimumVisualStudioVersion = 10.0.40219.1
Project("{FAE04EC0-301F-11D3-BF4B-00C04F79EFBC}") = "Aliohjelmat 2", "Aliohjelmat 2.csproj", "{502A7591-C80D-44E3-82BE-798D6B22BCF3}"
EndProject
Global
	GlobalSection(SolutionConfigurationPlatforms) = preSolution
		Debug|Any CPU = Debug|Any CPU
		Release|Any CPU = Release|Any CPU
	EndGlobalSection
	GlobalSection(ProjectConfigurationPlatforms) = postSolution
		{502A7591-C80D-44E3-82BE-798D6B22BCF3}.Debug|Any CPU.ActiveCfg = Debug|Any CPU
		{502A7591-C80D-44E3-82BE-798D6B22BCF3}.Debug|Any CPU.Build.0 = Debug|Any CPU
		{502A7591-C80D-44E3-82BE-798D6B22BCF3}.Release|Any CPU.ActiveCfg = Release|Any CPU
		{502A7591-C80D-44E3-82BE-798D6B22BCF3}.Release|Any CPU.Build.0 = Release|Any CPU
	EndGlobalSection
	GlobalSection(SolutionProperties) = preSolution
		HideSolutionNode = FALSE
	EndGlobalSection
	GlobalSection(ExtensibilityGlobals) = postSolution
		SolutionGuid = {48A85459-AE6E-4A2D-9195-45EA6F616824}
	EndGlobalSection
EndGlobal
