
Microsoft Visual Studio Solution File, Format Version 12.00
# Visual Studio Version 16
VisualStudioVersion = 16.0.31112.23
MinimumVisualStudioVersion = 10.0.40219.1
Project("{FAE04EC0-301F-11D3-BF4B-00C04F79EFBC}") = "Tehtava 19 Tekstin jatkokasittely", "Tehtava 19 Tekstin jatkokasittely.csproj", "{5159F8AA-EA22-456D-B98F-6E8B62FBAD3B}"
EndProject
Global
	GlobalSection(SolutionConfigurationPlatforms) = preSolution
		Debug|Any CPU = Debug|Any CPU
		Release|Any CPU = Release|Any CPU
	EndGlobalSection
	GlobalSection(ProjectConfigurationPlatforms) = postSolution
		{5159F8AA-EA22-456D-B98F-6E8B62FBAD3B}.Debug|Any CPU.ActiveCfg = Debug|Any CPU
		{5159F8AA-EA22-456D-B98F-6E8B62FBAD3B}.Debug|Any CPU.Build.0 = Debug|Any CPU
		{5159F8AA-EA22-456D-B98F-6E8B62FBAD3B}.Release|Any CPU.ActiveCfg = Release|Any CPU
		{5159F8AA-EA22-456D-B98F-6E8B62FBAD3B}.Release|Any CPU.Build.0 = Release|Any CPU
	EndGlobalSection
	GlobalSection(SolutionProperties) = preSolution
		HideSolutionNode = FALSE
	EndGlobalSection
	GlobalSection(ExtensibilityGlobals) = postSolution
		SolutionGuid = {9BAAFEB4-BDD1-47FA-85A0-8732BD3E2664}
	EndGlobalSection
EndGlobal
