
Microsoft Visual Studio Solution File, Format Version 12.00
# Visual Studio Version 16
VisualStudioVersion = 16.0.31112.23
MinimumVisualStudioVersion = 10.0.40219.1
Project("{FAE04EC0-301F-11D3-BF4B-00C04F79EFBC}") = "09_List_ja_Foreach-silmukat", "09_List_ja_Foreach-silmukat.csproj", "{34B6212A-D449-438C-9E76-D2C4900C12AD}"
EndProject
Global
	GlobalSection(SolutionConfigurationPlatforms) = preSolution
		Debug|Any CPU = Debug|Any CPU
		Release|Any CPU = Release|Any CPU
	EndGlobalSection
	GlobalSection(ProjectConfigurationPlatforms) = postSolution
		{34B6212A-D449-438C-9E76-D2C4900C12AD}.Debug|Any CPU.ActiveCfg = Debug|Any CPU
		{34B6212A-D449-438C-9E76-D2C4900C12AD}.Debug|Any CPU.Build.0 = Debug|Any CPU
		{34B6212A-D449-438C-9E76-D2C4900C12AD}.Release|Any CPU.ActiveCfg = Release|Any CPU
		{34B6212A-D449-438C-9E76-D2C4900C12AD}.Release|Any CPU.Build.0 = Release|Any CPU
	EndGlobalSection
	GlobalSection(SolutionProperties) = preSolution
		HideSolutionNode = FALSE
	EndGlobalSection
	GlobalSection(ExtensibilityGlobals) = postSolution
		SolutionGuid = {1ABCFA77-67C7-40FF-ACD6-AC6DD4A0A9B6}
	EndGlobalSection
EndGlobal
